<?xml version="1.0" encoding="utf-8"?>
<Project ToolsVersion="4.0" xmlns="http://schemas.microsoft.com/developer/msbuild/2003">
  <ItemGroup>
    <Filter Include="Source Files">
      <UniqueIdentifier>{4FC737F1-C7A5-4376-A066-2A32D752A2FF}</UniqueIdentifier>
      <Extensions>cpp;c;cc;cxx;c++;cppm;ixx;def;odl;idl;hpj;bat;asm;asmx</Extensions>
    </Filter>
    <Filter Include="Header Files">
      <UniqueIdentifier>{93995380-89BD-4b04-88EB-625FBE52EBFB}</UniqueIdentifier>
      <Extensions>h;hh;hpp;hxx;h++;hm;inl;inc;ipp;xsd</Extensions>
    </Filter>
    <Filter Include="Resource Files">
      <UniqueIdentifier>{67DA6AB6-F800-4c08-8B7A-83BB121AAD01}</UniqueIdentifier>
      <Extensions>rc;ico;cur;bmp;dlg;rc2;rct;bin;rgs;gif;jpg;jpeg;jpe;resx;tiff;tif;png;wav;mfcribbon-ms</Extensions>
    </Filter>
  </ItemGroup>
  <ItemGroup>
    <ClCompile Include="src\main.cpp">
      <Filter>Source Files</Filter>
    </ClCompile>
    <ClCompile Include="src\pch.cpp">
      <Filter>Source Files</Filter>
    </ClCompile>
    <ClCompile Include="src\application\texture_manager.cpp">
      <Filter>Source Files</Filter>
    </ClCompile>
    <ClCompile Include="src\application\timer.cpp">
      <Filter>Source Files</Filter>
    </ClCompile>
    <ClCompile Include="src\application\application.cpp">
      <Filter>Source Files</Filter>
    </ClCompile>
    <ClCompile Include="src\application\window_data.cpp">
      <Filter>Source Files</Filter>
    </ClCompile>
    <ClCompile Include="src\application\application_props.cpp">
      <Filter>Source Files</Filter>
    </ClCompile>
    <ClCompile Include="src\application\events.cpp">
      <Filter>Source Files</Filter>
    </ClCompile>
    <ClCompile Include="src\ecs\systems\physics_system.cpp">
      <Filter>Source Files</Filter>
    </ClCompile>
    <ClCompile Include="src\ecs\components\position.cpp">
      <Filter>Source Files</Filter>
    </ClCompile>
    <ClCompile Include="src\ecs\components\velocity.cpp">
      <Filter>Source Files</Filter>
    </ClCompile>
    <ClCompile Include="src\application\keyboard.cpp">
      <Filter>Source Files</Filter>
    </ClCompile>
    <ClCompile Include="src\ecs\components\input.cpp">
      <Filter>Source Files</Filter>
    </ClCompile>
    <ClCompile Include="src\ecs\systems\player_input.cpp">
      <Filter>Source Files</Filter>
    </ClCompile>
    <ClCompile Include="src\ecs\components\texture.cpp">
      <Filter>Source Files</Filter>
    </ClCompile>
    <ClCompile Include="src\ecs\systems\draw_system.cpp">
      <Filter>Source Files</Filter>
    </ClCompile>
    <ClCompile Include="src\ecs\components\box_collider.cpp">
      <Filter>Source Files</Filter>
    </ClCompile>
    <ClCompile Include="src\ecs\systems\damage_collision.cpp">
      <Filter>Source Files</Filter>
    </ClCompile>
    <ClCompile Include="src\ecs\components\damage.cpp">
      <Filter>Source Files</Filter>
    </ClCompile>
    <ClCompile Include="src\ecs\components\health.cpp">
      <Filter>Source Files</Filter>
    </ClCompile>
    <ClCompile Include="src\ecs\systems\collision.cpp">
      <Filter>Source Files</Filter>
    </ClCompile>
    <ClCompile Include="src\ecs\components\rotation.cpp">
      <Filter>Source Files</Filter>
    </ClCompile>
    <ClCompile Include="src\ecs\systems\enemy_spawner.cpp">
      <Filter>Source Files</Filter>
    </ClCompile>
    <ClCompile Include="src\utils\interval.cpp">
      <Filter>Source Files</Filter>
    </ClCompile>
    <ClCompile Include="src\ecs\systems\player_velocity.cpp">
      <Filter>Source Files</Filter>
    </ClCompile>
    <ClCompile Include="src\ecs\systems\laser_spawner.cpp">
      <Filter>Source Files</Filter>
    </ClCompile>
    <ClCompile Include="src\ecs\components\layer.cpp">
      <Filter>Source Files</Filter>
    </ClCompile>
    <ClCompile Include="src\ecs\systems\time_removal.cpp">
      <Filter>Source Files</Filter>
    </ClCompile>
    <ClCompile Include="src\ecs\components\removal_timer.cpp">
      <Filter>Source Files</Filter>
    </ClCompile>
    <ClCompile Include="src\application\font_manager.cpp">
      <Filter>Source Files</Filter>
    </ClCompile>
    <ClCompile Include="src\ecs\components\text.cpp">
      <Filter>Source Files</Filter>
    </ClCompile>
    <ClCompile Include="src\ecs\systems\scoreboard.cpp">
      <Filter>Source Files</Filter>
    </ClCompile>
    <ClCompile Include="src\ecs\components\points.cpp">
      <Filter>Source Files</Filter>
    </ClCompile>
    <ClCompile Include="src\wave_function_collapse\tile_data.cpp">
      <Filter>Source Files</Filter>
    </ClCompile>
    <ClCompile Include="src\wave_function_collapse\wave_function_collapse.cpp">
      <Filter>Source Files</Filter>
    </ClCompile>
    <ClCompile Include="src\wave_function_collapse\wave_cell.cpp">
      <Filter>Source Files</Filter>
    </ClCompile>
    <ClCompile Include="src\wave_function_collapse\hex_color_utils.cpp">
      <Filter>Source Files</Filter>
    </ClCompile>
    <ClCompile Include="src\wave_function_collapse\state\wave_state.cpp">
      <Filter>Source Files</Filter>
    </ClCompile>
    <ClCompile Include="src\wave_function_collapse\state\commands\remove_entropy_command.cpp">
      <Filter>Source Files</Filter>
    </ClCompile>
  </ItemGroup>
  <ItemGroup>
    <ClInclude Include="src\ecs\entity.h">
      <Filter>Header Files</Filter>
    </ClInclude>
    <ClInclude Include="src\pch.h">
      <Filter>Header Files</Filter>
    </ClInclude>
    <ClInclude Include="src\application\texture_manager.h">
      <Filter>Header Files</Filter>
    </ClInclude>
    <ClInclude Include="src\application\timer.h">
      <Filter>Header Files</Filter>
    </ClInclude>
    <ClInclude Include="src\application\application_props.h">
      <Filter>Header Files</Filter>
    </ClInclude>
    <ClInclude Include="src\application\window_data.h">
      <Filter>Header Files</Filter>
    </ClInclude>
    <ClInclude Include="src\application\events.h">
      <Filter>Header Files</Filter>
    </ClInclude>
    <ClInclude Include="src\application\application.h">
      <Filter>Header Files</Filter>
    </ClInclude>
    <ClInclude Include="src\ecs\system.h">
      <Filter>Header Files</Filter>
    </ClInclude>
    <ClInclude Include="src\ecs\systems\physics_system.h">
      <Filter>Header Files</Filter>
    </ClInclude>
    <ClInclude Include="src\ecs\components\component.h">
      <Filter>Header Files</Filter>
    </ClInclude>
    <ClInclude Include="src\ecs\components\position.h">
      <Filter>Header Files</Filter>
    </ClInclude>
    <ClInclude Include="src\ecs\entities\entity_repository.h">
      <Filter>Header Files</Filter>
    </ClInclude>
    <ClInclude Include="src\ecs\component_array.h">
      <Filter>Header Files</Filter>
    </ClInclude>
    <ClInclude Include="src\ecs\world.h">
      <Filter>Header Files</Filter>
    </ClInclude>
    <ClInclude Include="src\ecs\components\velocity.h">
      <Filter>Header Files</Filter>
    </ClInclude>
    <ClInclude Include="src\ecs\base_component_array.h">
      <Filter>Header Files</Filter>
    </ClInclude>
    <ClInclude Include="src\application\keyboard.h">
      <Filter>Header Files</Filter>
    </ClInclude>
    <ClInclude Include="src\ecs\components\input.h">
      <Filter>Header Files</Filter>
    </ClInclude>
    <ClInclude Include="src\ecs\systems\player_input.h">
      <Filter>Header Files</Filter>
    </ClInclude>
    <ClInclude Include="src\ecs\components\texture.h">
      <Filter>Header Files</Filter>
    </ClInclude>
    <ClInclude Include="src\ecs\systems\draw_system.h">
      <Filter>Header Files</Filter>
    </ClInclude>
    <ClInclude Include="src\utils\math.h">
      <Filter>Header Files</Filter>
    </ClInclude>
    <ClInclude Include="src\collision\spatial_grid.h">
      <Filter>Header Files</Filter>
    </ClInclude>
    <ClInclude Include="src\collision\aabb.h">
      <Filter>Header Files</Filter>
    </ClInclude>
    <ClInclude Include="src\ecs\components\box_collider.h">
      <Filter>Header Files</Filter>
    </ClInclude>
    <ClInclude Include="src\ecs\systems\damage_collision.h">
      <Filter>Header Files</Filter>
    </ClInclude>
    <ClInclude Include="src\ecs\components\damage.h">
      <Filter>Header Files</Filter>
    </ClInclude>
    <ClInclude Include="src\ecs\components\health.h">
      <Filter>Header Files</Filter>
    </ClInclude>
    <ClInclude Include="src\ecs\systems\collision.h">
      <Filter>Header Files</Filter>
    </ClInclude>
    <ClInclude Include="src\ecs\components\rotation.h">
      <Filter>Header Files</Filter>
    </ClInclude>
    <ClInclude Include="src\ecs\entities\player.h">
      <Filter>Header Files</Filter>
    </ClInclude>
    <ClInclude Include="src\ecs\entities\enemy.h">
      <Filter>Header Files</Filter>
    </ClInclude>
    <ClInclude Include="src\ecs\systems\enemy_spawner.h">
      <Filter>Header Files</Filter>
    </ClInclude>
    <ClInclude Include="src\utils\interval.h">
      <Filter>Header Files</Filter>
    </ClInclude>
    <ClInclude Include="src\utils\random.h">
      <Filter>Header Files</Filter>
    </ClInclude>
    <ClInclude Include="src\ecs\entities\laser.h">
      <Filter>Header Files</Filter>
    </ClInclude>
    <ClInclude Include="src\ecs\systems\player_velocity.h">
      <Filter>Header Files</Filter>
    </ClInclude>
    <ClInclude Include="src\ecs\systems\laser_spawner.h">
      <Filter>Header Files</Filter>
    </ClInclude>
    <ClInclude Include="src\ecs\layer_types.h">
      <Filter>Header Files</Filter>
    </ClInclude>
    <ClInclude Include="src\ecs\components\layer.h">
      <Filter>Header Files</Filter>
    </ClInclude>
    <ClInclude Include="src\ecs\systems\time_removal.h">
      <Filter>Header Files</Filter>
    </ClInclude>
    <ClInclude Include="src\ecs\setup_data.h">
      <Filter>Header Files</Filter>
    </ClInclude>
    <ClInclude Include="src\ecs\components\removal_timer.h">
      <Filter>Header Files</Filter>
    </ClInclude>
    <ClInclude Include="lib\SDL2_image\include\SDL_image.h">
      <Filter>Header Files</Filter>
    </ClInclude>
    <ClInclude Include="src\application\font_manager.h">
      <Filter>Header Files</Filter>
    </ClInclude>
    <ClInclude Include="lib\SDL2_ttf\include\SDL_ttf.h">
      <Filter>Header Files</Filter>
    </ClInclude>
    <ClInclude Include="src\ecs\components\text.h">
      <Filter>Header Files</Filter>
    </ClInclude>
    <ClInclude Include="src\ecs\systems\scoreboard.h">
      <Filter>Header Files</Filter>
    </ClInclude>
    <ClInclude Include="src\ecs\components\points.h">
      <Filter>Header Files</Filter>
    </ClInclude>
    <ClInclude Include="src\collision\quad_tree.h">
      <Filter>Header Files</Filter>
    </ClInclude>
    <ClInclude Include="src\collision\spatial_data_structure.h">
      <Filter>Header Files</Filter>
    </ClInclude>
    <ClInclude Include="src\collision\spatial_data_structure_factory.h">
      <Filter>Header Files</Filter>
    </ClInclude>
    <ClInclude Include="src\ecs\level.h">
      <Filter>Header Files</Filter>
    </ClInclude>
    <ClInclude Include="src\wave_function_collapse\wave_function_collapse.h">
      <Filter>Header Files</Filter>
    </ClInclude>
    <ClInclude Include="src\wave_function_collapse\tile_data.h">
      <Filter>Header Files</Filter>
    </ClInclude>
    <ClInclude Include="src\wave_function_collapse\image_scan.h">
      <Filter>Header Files</Filter>
    </ClInclude>
    <ClInclude Include="src\wave_function_collapse\edge_direction_types.h">
      <Filter>Header Files</Filter>
    </ClInclude>
    <ClInclude Include="src\wave_function_collapse\wave_cell.h">
      <Filter>Header Files</Filter>
    </ClInclude>
    <ClInclude Include="src\wave_function_collapse\hex_color_utils.h">
      <Filter>Header Files</Filter>
    </ClInclude>
    <ClInclude Include="src\wave_function_collapse\state\wave_state.h">
      <Filter>Header Files</Filter>
    </ClInclude>
    <ClInclude Include="src\wave_function_collapse\state\commands\remove_entropy_command.h">
      <Filter>Header Files</Filter>
    </ClInclude>
    <ClInclude Include="src\utils\key_generator.h">
      <Filter>Header Files</Filter>
    </ClInclude>
    <ClInclude Include="src\utils\sdl_operators.h">
      <Filter>Header Files</Filter>
    </ClInclude>
    <ClInclude Include="src\wave_function_collapse\tile_factory.h">
      <Filter>Header Files</Filter>
    </ClInclude>
  </ItemGroup>
  <ItemGroup>
    <Image Include="resources\player.png">
      <Filter>Resource Files</Filter>
    </Image>
    <Image Include="resources\background.png">
      <Filter>Resource Files</Filter>
    </Image>
    <Image Include="resources\wfc\circuit\bridge.png">
      <Filter>Resource Files</Filter>
    </Image>
    <Image Include="resources\wfc\circuit\component.png">
      <Filter>Resource Files</Filter>
    </Image>
    <Image Include="resources\wfc\circuit\connection.png">
      <Filter>Resource Files</Filter>
    </Image>
    <Image Include="resources\wfc\circuit\corner.png">
      <Filter>Resource Files</Filter>
    </Image>
    <Image Include="resources\wfc\circuit\dskew.png">
      <Filter>Resource Files</Filter>
    </Image>
    <Image Include="resources\wfc\circuit\skew.png">
      <Filter>Resource Files</Filter>
    </Image>
    <Image Include="resources\wfc\circuit\substrate.png">
      <Filter>Resource Files</Filter>
    </Image>
    <Image Include="resources\wfc\circuit\t.png">
      <Filter>Resource Files</Filter>
    </Image>
    <Image Include="resources\wfc\circuit\track.png">
      <Filter>Resource Files</Filter>
    </Image>
    <Image Include="resources\wfc\circuit\transition.png">
      <Filter>Resource Files</Filter>
    </Image>
    <Image Include="resources\wfc\circuit\turn.png">
      <Filter>Resource Files</Filter>
    </Image>
    <Image Include="resources\wfc\circuit\viad.png">
      <Filter>Resource Files</Filter>
    </Image>
    <Image Include="resources\wfc\circuit\vias.png">
      <Filter>Resource Files</Filter>
    </Image>
    <Image Include="resources\wfc\circuit\wire.png">
      <Filter>Resource Files</Filter>
    </Image>
    <Image Include="resources\wfc\circle\w_quarter.png">
      <Filter>Resource Files</Filter>
    </Image>
    <Image Include="resources\wfc\circle\b.png">
      <Filter>Resource Files</Filter>
    </Image>
    <Image Include="resources\wfc\circle\b_half.png">
      <Filter>Resource Files</Filter>
    </Image>
    <Image Include="resources\wfc\circle\b_i.png">
      <Filter>Resource Files</Filter>
    </Image>
    <Image Include="resources\wfc\circle\b_quarter.png">
      <Filter>Resource Files</Filter>
    </Image>
    <Image Include="resources\wfc\circle\w.png">
      <Filter>Resource Files</Filter>
    </Image>
    <Image Include="resources\wfc\circle\w_half.png">
      <Filter>Resource Files</Filter>
    </Image>
    <Image Include="resources\wfc\circle\w_i.png">
      <Filter>Resource Files</Filter>
    </Image>
    <Image Include="resources\wfc\custom\0.png">
      <Filter>Resource Files</Filter>
    </Image>
    <Image Include="resources\wfc\custom\1.png">
      <Filter>Resource Files</Filter>
    </Image>
    <Image Include="resources\wfc\custom\2.png">
      <Filter>Resource Files</Filter>
    </Image>
    <Image Include="resources\wfc\custom\3.png">
      <Filter>Resource Files</Filter>
    </Image>
    <Image Include="resources\wfc\custom\4.png">
      <Filter>Resource Files</Filter>
    </Image>
    <Image Include="resources\wfc\custom\5.png">
      <Filter>Resource Files</Filter>
    </Image>
    <Image Include="resources\wfc\custom\6.png">
      <Filter>Resource Files</Filter>
    </Image>
    <Image Include="resources\wfc\custom\7.png">
      <Filter>Resource Files</Filter>
    </Image>
    <Image Include="resources\wfc\custom\8.png">
      <Filter>Resource Files</Filter>
    </Image>
    <Image Include="resources\wfc\cyber-circuit\0.png">
      <Filter>Resource Files</Filter>
    </Image>
    <Image Include="resources\wfc\cyber-circuit\1.png">
      <Filter>Resource Files</Filter>
    </Image>
    <Image Include="resources\wfc\cyber-circuit\2.png">
      <Filter>Resource Files</Filter>
    </Image>
    <Image Include="resources\wfc\cyber-circuit\3.png">
      <Filter>Resource Files</Filter>
    </Image>
    <Image Include="resources\wfc\cyber-circuit\4.png">
      <Filter>Resource Files</Filter>
    </Image>
    <Image Include="resources\wfc\cyber-circuit\5.png">
      <Filter>Resource Files</Filter>
    </Image>
    <Image Include="resources\wfc\cyber-circuit\6.png">
      <Filter>Resource Files</Filter>
    </Image>
    <Image Include="resources\wfc\cyber-circuit\7.png">
      <Filter>Resource Files</Filter>
    </Image>
    <Image Include="resources\wfc\cyber-circuit\8.png">
      <Filter>Resource Files</Filter>
    </Image>
    <Image Include="resources\wfc\cyber-circuit\9.png">
      <Filter>Resource Files</Filter>
    </Image>
    <Image Include="resources\laser0.png">
      <Filter>Resource Files</Filter>
    </Image>
    <Image Include="resources\laser1.png">
      <Filter>Resource Files</Filter>
    </Image>
    <Image Include="resources\skull_0.png">
      <Filter>Resource Files</Filter>
    </Image>
    <Image Include="resources\skull_1.png">
      <Filter>Resource Files</Filter>
    </Image>
    <Image Include="resources\skull_2.png">
      <Filter>Resource Files</Filter>
    </Image>
    <Image Include="resources\skull_3.png">
      <Filter>Resource Files</Filter>
    </Image>
  </ItemGroup>
  <ItemGroup>
    <None Include="lib\SDL2\lib\x64\SDL2.dll" />
    <None Include="lib\SDL2_image\lib\x64\SDL2_image.dll" />
    <None Include="lib\SDL2_image\lib\x86\SDL2_image.dll" />
    <None Include="lib\SDL2_ttf\lib\x64\SDL2_ttf.dll" />
    <None Include="lib\SDL2_ttf\lib\x86\SDL2_ttf.dll" />
  </ItemGroup>
  <ItemGroup>
    <Library Include="lib\SDL2\lib\x64\SDL2.lib" />
    <Library Include="lib\SDL2\lib\x64\SDL2main.lib" />
    <Library Include="lib\SDL2\lib\x64\SDL2test.lib" />
    <Library Include="lib\SDL2_image\lib\x64\SDL2_image.lib" />
    <Library Include="lib\SDL2_image\lib\x86\SDL2_image.lib" />
    <Library Include="lib\SDL2_ttf\lib\x64\SDL2_ttf.lib" />
    <Library Include="lib\SDL2_ttf\lib\x86\SDL2_ttf.lib" />
  </ItemGroup>
</Project>